// !$*UTF8*$!
{
	archiveVersion = 1;
	classes = {
	};
	objectVersion = 46;
	objects = {

/* Begin PBXBuildFile section */
		7016FB791AC0931100126279 /* Soft_Tap.wav in Resources */ = {isa = PBXBuildFile; fileRef = 7016FB781AC0931100126279 /* Soft_Tap.wav */; };
		7016FB7C1AC0995900126279 /* RemovalEmitter.sks in Resources */ = {isa = PBXBuildFile; fileRef = 7016FB7A1AC0995900126279 /* RemovalEmitter.sks */; };
		7016FB7D1AC0995900126279 /* spark.png in Resources */ = {isa = PBXBuildFile; fileRef = 7016FB7B1AC0995900126279 /* spark.png */; };
		7016FB811AC0B8BE00126279 /* PowerUp.wav in Resources */ = {isa = PBXBuildFile; fileRef = 7016FB801AC0B8BE00126279 /* PowerUp.wav */; };
		7016FB831AC0B97400126279 /* Shimmer.wav in Resources */ = {isa = PBXBuildFile; fileRef = 7016FB821AC0B97400126279 /* Shimmer.wav */; };
		7016FB851AC0C48000126279 /* PowerDown.wav in Resources */ = {isa = PBXBuildFile; fileRef = 7016FB841AC0C48000126279 /* PowerDown.wav */; };
		703A7EA31ABDF12500CA37EC /* Bubble_Pop.wav in Resources */ = {isa = PBXBuildFile; fileRef = 703A7EA21ABDF12500CA37EC /* Bubble_Pop.wav */; };
		706E005B1AC32F0F00920724 /* Burning.wav in Resources */ = {isa = PBXBuildFile; fileRef = 706E005A1AC32F0F00920724 /* Burning.wav */; };
		706E005D1AC3301700920724 /* SparkEmitter.sks in Resources */ = {isa = PBXBuildFile; fileRef = 706E005C1AC3301700920724 /* SparkEmitter.sks */; };
		706E005F1AC3317000920724 /* BlockSparkEmitter.sks in Resources */ = {isa = PBXBuildFile; fileRef = 706E005E1AC3317000920724 /* BlockSparkEmitter.sks */; };
		706E00611AC3333900920724 /* Electricity.wav in Resources */ = {isa = PBXBuildFile; fileRef = 706E00601AC3333900920724 /* Electricity.wav */; };
		706E00631AC38BF600920724 /* SKLogo.png in Resources */ = {isa = PBXBuildFile; fileRef = 706E00621AC38BF600920724 /* SKLogo.png */; };
		709F70071AC48FB000C5FA15 /* Plus.png in Resources */ = {isa = PBXBuildFile; fileRef = 709F70061AC48FB000C5FA15 /* Plus.png */; };
		709F70111AC4D8EF00C5FA15 /* PlusEmitter.sks in Resources */ = {isa = PBXBuildFile; fileRef = 709F70101AC4D8EF00C5FA15 /* PlusEmitter.sks */; };
		70DADEC81ABB8FB9002C4E19 /* Settings.swift in Sources */ = {isa = PBXBuildFile; fileRef = 70DADEC71ABB8FB8002C4E19 /* Settings.swift */; };
		70DADECA1ABBAD79002C4E19 /* Level1Scene.swift in Sources */ = {isa = PBXBuildFile; fileRef = 70DADEC91ABBAD79002C4E19 /* Level1Scene.swift */; };
		70DADECC1ABBADB3002C4E19 /* Level1Scene.sks in Resources */ = {isa = PBXBuildFile; fileRef = 70DADECB1ABBADB3002C4E19 /* Level1Scene.sks */; };
		70E113B31AC739E400651FA8 /* TitleImage.png in Resources */ = {isa = PBXBuildFile; fileRef = 70E113B21AC739E400651FA8 /* TitleImage.png */; };
		70E7307E1AB3CBE0009F3684 /* AppDelegate.swift in Sources */ = {isa = PBXBuildFile; fileRef = 70E7307D1AB3CBE0009F3684 /* AppDelegate.swift */; };
		70E730801AB3CBE0009F3684 /* GameScene.sks in Resources */ = {isa = PBXBuildFile; fileRef = 70E7307F1AB3CBE0009F3684 /* GameScene.sks */; };
		70E730821AB3CBE0009F3684 /* GameScene.swift in Sources */ = {isa = PBXBuildFile; fileRef = 70E730811AB3CBE0009F3684 /* GameScene.swift */; };
		70E730841AB3CBE0009F3684 /* GameViewController.swift in Sources */ = {isa = PBXBuildFile; fileRef = 70E730831AB3CBE0009F3684 /* GameViewController.swift */; };
		70E730871AB3CBE0009F3684 /* Main.storyboard in Resources */ = {isa = PBXBuildFile; fileRef = 70E730851AB3CBE0009F3684 /* Main.storyboard */; };
		70E730891AB3CBE0009F3684 /* Images.xcassets in Resources */ = {isa = PBXBuildFile; fileRef = 70E730881AB3CBE0009F3684 /* Images.xcassets */; };
		70E7308C1AB3CBE0009F3684 /* LaunchScreen.xib in Resources */ = {isa = PBXBuildFile; fileRef = 70E7308A1AB3CBE0009F3684 /* LaunchScreen.xib */; };
		70E730981AB3CBE0009F3684 /* Toppling_TowerTests.swift in Sources */ = {isa = PBXBuildFile; fileRef = 70E730971AB3CBE0009F3684 /* Toppling_TowerTests.swift */; };
		70E730A21AB3CDB1009F3684 /* MenuScene.swift in Sources */ = {isa = PBXBuildFile; fileRef = 70E730A11AB3CDB1009F3684 /* MenuScene.swift */; };
		70E730A41AB3D0BC009F3684 /* MenuScene.sks in Resources */ = {isa = PBXBuildFile; fileRef = 70E730A31AB3D0BC009F3684 /* MenuScene.sks */; };
		70F50A6A1AC1FE8700FC656F /* FlameEmitter.sks in Resources */ = {isa = PBXBuildFile; fileRef = 70F50A681AC1FE8700FC656F /* FlameEmitter.sks */; };
		70F50A6D1AC205B000FC656F /* BlockFlameEmitter.sks in Resources */ = {isa = PBXBuildFile; fileRef = 70F50A6C1AC205B000FC656F /* BlockFlameEmitter.sks */; };
		70F50A711AC22F0100FC656F /* Upbeat_Music.wav in Resources */ = {isa = PBXBuildFile; fileRef = 70F50A701AC22F0100FC656F /* Upbeat_Music.wav */; };
		70F50A731AC2314B00FC656F /* Ambient_Beat.wav in Resources */ = {isa = PBXBuildFile; fileRef = 70F50A721AC2314B00FC656F /* Ambient_Beat.wav */; };
/* End PBXBuildFile section */

/* Begin PBXContainerItemProxy section */
		70E730921AB3CBE0009F3684 /* PBXContainerItemProxy */ = {
			isa = PBXContainerItemProxy;
			containerPortal = 70E730701AB3CBE0009F3684 /* Project object */;
			proxyType = 1;
			remoteGlobalIDString = 70E730771AB3CBE0009F3684;
			remoteInfo = "Toppling Tower";
		};
/* End PBXContainerItemProxy section */

/* Begin PBXFileReference section */
		7016FB781AC0931100126279 /* Soft_Tap.wav */ = {isa = PBXFileReference; lastKnownFileType = audio.wav; path = Soft_Tap.wav; sourceTree = "<group>"; };
		7016FB7A1AC0995900126279 /* RemovalEmitter.sks */ = {isa = PBXFileReference; lastKnownFileType = file.sks; path = RemovalEmitter.sks; sourceTree = "<group>"; };
		7016FB7B1AC0995900126279 /* spark.png */ = {isa = PBXFileReference; lastKnownFileType = image.png; path = spark.png; sourceTree = "<group>"; };
		7016FB801AC0B8BE00126279 /* PowerUp.wav */ = {isa = PBXFileReference; lastKnownFileType = audio.wav; path = PowerUp.wav; sourceTree = "<group>"; };
		7016FB821AC0B97400126279 /* Shimmer.wav */ = {isa = PBXFileReference; lastKnownFileType = audio.wav; path = Shimmer.wav; sourceTree = "<group>"; };
		7016FB841AC0C48000126279 /* PowerDown.wav */ = {isa = PBXFileReference; lastKnownFileType = audio.wav; path = PowerDown.wav; sourceTree = "<group>"; };
		703A7EA21ABDF12500CA37EC /* Bubble_Pop.wav */ = {isa = PBXFileReference; lastKnownFileType = audio.wav; path = Bubble_Pop.wav; sourceTree = "<group>"; };
		706E005A1AC32F0F00920724 /* Burning.wav */ = {isa = PBXFileReference; lastKnownFileType = audio.wav; path = Burning.wav; sourceTree = "<group>"; };
		706E005C1AC3301700920724 /* SparkEmitter.sks */ = {isa = PBXFileReference; lastKnownFileType = file.sks; path = SparkEmitter.sks; sourceTree = "<group>"; };
		706E005E1AC3317000920724 /* BlockSparkEmitter.sks */ = {isa = PBXFileReference; lastKnownFileType = file.sks; path = BlockSparkEmitter.sks; sourceTree = "<group>"; };
		706E00601AC3333900920724 /* Electricity.wav */ = {isa = PBXFileReference; lastKnownFileType = audio.wav; path = Electricity.wav; sourceTree = "<group>"; };
		706E00621AC38BF600920724 /* SKLogo.png */ = {isa = PBXFileReference; lastKnownFileType = image.png; path = SKLogo.png; sourceTree = "<group>"; };
		709F70061AC48FB000C5FA15 /* Plus.png */ = {isa = PBXFileReference; lastKnownFileType = image.png; path = Plus.png; sourceTree = "<group>"; };
		709F70101AC4D8EF00C5FA15 /* PlusEmitter.sks */ = {isa = PBXFileReference; lastKnownFileType = file.sks; path = PlusEmitter.sks; sourceTree = "<group>"; };
		70DADEC71ABB8FB8002C4E19 /* Settings.swift */ = {isa = PBXFileReference; fileEncoding = 4; lastKnownFileType = sourcecode.swift; path = Settings.swift; sourceTree = "<group>"; };
		70DADEC91ABBAD79002C4E19 /* Level1Scene.swift */ = {isa = PBXFileReference; fileEncoding = 4; lastKnownFileType = sourcecode.swift; path = Level1Scene.swift; sourceTree = "<group>"; };
		70DADECB1ABBADB3002C4E19 /* Level1Scene.sks */ = {isa = PBXFileReference; lastKnownFileType = file.sks; path = Level1Scene.sks; sourceTree = "<group>"; };
		70E113B21AC739E400651FA8 /* TitleImage.png */ = {isa = PBXFileReference; lastKnownFileType = image.png; path = TitleImage.png; sourceTree = "<group>"; };
		70E730781AB3CBE0009F3684 /* Toppling Tower.app */ = {isa = PBXFileReference; explicitFileType = wrapper.application; includeInIndex = 0; path = "Toppling Tower.app"; sourceTree = BUILT_PRODUCTS_DIR; };
		70E7307C1AB3CBE0009F3684 /* Info.plist */ = {isa = PBXFileReference; lastKnownFileType = text.plist.xml; path = Info.plist; sourceTree = "<group>"; };
		70E7307D1AB3CBE0009F3684 /* AppDelegate.swift */ = {isa = PBXFileReference; lastKnownFileType = sourcecode.swift; path = AppDelegate.swift; sourceTree = "<group>"; };
		70E7307F1AB3CBE0009F3684 /* GameScene.sks */ = {isa = PBXFileReference; lastKnownFileType = file.sks; path = GameScene.sks; sourceTree = "<group>"; };
		70E730811AB3CBE0009F3684 /* GameScene.swift */ = {isa = PBXFileReference; lastKnownFileType = sourcecode.swift; path = GameScene.swift; sourceTree = "<group>"; wrapsLines = 0; };
		70E730831AB3CBE0009F3684 /* GameViewController.swift */ = {isa = PBXFileReference; lastKnownFileType = sourcecode.swift; path = GameViewController.swift; sourceTree = "<group>"; };
		70E730861AB3CBE0009F3684 /* Base */ = {isa = PBXFileReference; lastKnownFileType = file.storyboard; name = Base; path = Base.lproj/Main.storyboard; sourceTree = "<group>"; };
		70E730881AB3CBE0009F3684 /* Images.xcassets */ = {isa = PBXFileReference; lastKnownFileType = folder.assetcatalog; path = Images.xcassets; sourceTree = "<group>"; };
		70E7308B1AB3CBE0009F3684 /* Base */ = {isa = PBXFileReference; lastKnownFileType = file.xib; name = Base; path = Base.lproj/LaunchScreen.xib; sourceTree = "<group>"; };
		70E730911AB3CBE0009F3684 /* Toppling TowerTests.xctest */ = {isa = PBXFileReference; explicitFileType = wrapper.cfbundle; includeInIndex = 0; path = "Toppling TowerTests.xctest"; sourceTree = BUILT_PRODUCTS_DIR; };
		70E730961AB3CBE0009F3684 /* Info.plist */ = {isa = PBXFileReference; lastKnownFileType = text.plist.xml; path = Info.plist; sourceTree = "<group>"; };
		70E730971AB3CBE0009F3684 /* Toppling_TowerTests.swift */ = {isa = PBXFileReference; lastKnownFileType = sourcecode.swift; path = Toppling_TowerTests.swift; sourceTree = "<group>"; };
		70E730A11AB3CDB1009F3684 /* MenuScene.swift */ = {isa = PBXFileReference; fileEncoding = 4; lastKnownFileType = sourcecode.swift; path = MenuScene.swift; sourceTree = "<group>"; };
		70E730A31AB3D0BC009F3684 /* MenuScene.sks */ = {isa = PBXFileReference; lastKnownFileType = file.sks; path = MenuScene.sks; sourceTree = "<group>"; };
		70F50A681AC1FE8700FC656F /* FlameEmitter.sks */ = {isa = PBXFileReference; lastKnownFileType = file.sks; name = FlameEmitter.sks; path = ../FlameEmitter.sks; sourceTree = "<group>"; };
		70F50A6C1AC205B000FC656F /* BlockFlameEmitter.sks */ = {isa = PBXFileReference; lastKnownFileType = file.sks; path = BlockFlameEmitter.sks; sourceTree = "<group>"; };
		70F50A701AC22F0100FC656F /* Upbeat_Music.wav */ = {isa = PBXFileReference; lastKnownFileType = audio.wav; path = Upbeat_Music.wav; sourceTree = "<group>"; };
		70F50A721AC2314B00FC656F /* Ambient_Beat.wav */ = {isa = PBXFileReference; lastKnownFileType = audio.wav; path = Ambient_Beat.wav; sourceTree = "<group>"; };
/* End PBXFileReference section */

/* Begin PBXFrameworksBuildPhase section */
		70E730751AB3CBE0009F3684 /* Frameworks */ = {
			isa = PBXFrameworksBuildPhase;
			buildActionMask = 2147483647;
			files = (
			);
			runOnlyForDeploymentPostprocessing = 0;
		};
		70E7308E1AB3CBE0009F3684 /* Frameworks */ = {
			isa = PBXFrameworksBuildPhase;
			buildActionMask = 2147483647;
			files = (
			);
			runOnlyForDeploymentPostprocessing = 0;
		};
/* End PBXFrameworksBuildPhase section */

/* Begin PBXGroup section */
		70E7306F1AB3CBE0009F3684 = {
			isa = PBXGroup;
			children = (
				70E7307A1AB3CBE0009F3684 /* Toppling Tower */,
				70E730941AB3CBE0009F3684 /* Toppling TowerTests */,
				70E730791AB3CBE0009F3684 /* Products */,
			);
			sourceTree = "<group>";
		};
		70E730791AB3CBE0009F3684 /* Products */ = {
			isa = PBXGroup;
			children = (
				70E730781AB3CBE0009F3684 /* Toppling Tower.app */,
				70E730911AB3CBE0009F3684 /* Toppling TowerTests.xctest */,
			);
			name = Products;
			sourceTree = "<group>";
		};
		70E7307A1AB3CBE0009F3684 /* Toppling Tower */ = {
			isa = PBXGroup;
			children = (
				70E7307D1AB3CBE0009F3684 /* AppDelegate.swift */,
				70E7307F1AB3CBE0009F3684 /* GameScene.sks */,
				70E730811AB3CBE0009F3684 /* GameScene.swift */,
				70E730831AB3CBE0009F3684 /* GameViewController.swift */,
				70E730A31AB3D0BC009F3684 /* MenuScene.sks */,
				70E730A11AB3CDB1009F3684 /* MenuScene.swift */,
				70DADECB1ABBADB3002C4E19 /* Level1Scene.sks */,
				70DADEC91ABBAD79002C4E19 /* Level1Scene.swift */,
				70DADEC71ABB8FB8002C4E19 /* Settings.swift */,
				70E730851AB3CBE0009F3684 /* Main.storyboard */,
				70E730881AB3CBE0009F3684 /* Images.xcassets */,
				70E7308A1AB3CBE0009F3684 /* LaunchScreen.xib */,
				70E7307B1AB3CBE0009F3684 /* Supporting Files */,
			);
			path = "Toppling Tower";
			sourceTree = "<group>";
		};
		70E7307B1AB3CBE0009F3684 /* Supporting Files */ = {
			isa = PBXGroup;
			children = (
				703A7EA21ABDF12500CA37EC /* Bubble_Pop.wav */,
				7016FB841AC0C48000126279 /* PowerDown.wav */,
				706E00601AC3333900920724 /* Electricity.wav */,
				70F50A721AC2314B00FC656F /* Ambient_Beat.wav */,
				7016FB821AC0B97400126279 /* Shimmer.wav */,
				706E005A1AC32F0F00920724 /* Burning.wav */,
				7016FB801AC0B8BE00126279 /* PowerUp.wav */,
				70F50A701AC22F0100FC656F /* Upbeat_Music.wav */,
				7016FB781AC0931100126279 /* Soft_Tap.wav */,
				70E113B21AC739E400651FA8 /* TitleImage.png */,
				7016FB7A1AC0995900126279 /* RemovalEmitter.sks */,
				706E005C1AC3301700920724 /* SparkEmitter.sks */,
				70F50A681AC1FE8700FC656F /* FlameEmitter.sks */,
				709F70101AC4D8EF00C5FA15 /* PlusEmitter.sks */,
				706E005E1AC3317000920724 /* BlockSparkEmitter.sks */,
				70F50A6C1AC205B000FC656F /* BlockFlameEmitter.sks */,
				709F70061AC48FB000C5FA15 /* Plus.png */,
				706E00621AC38BF600920724 /* SKLogo.png */,
				7016FB7B1AC0995900126279 /* spark.png */,
				70E7307C1AB3CBE0009F3684 /* Info.plist */,
			);
			name = "Supporting Files";
			sourceTree = "<group>";
		};
		70E730941AB3CBE0009F3684 /* Toppling TowerTests */ = {
			isa = PBXGroup;
			children = (
				70E730971AB3CBE0009F3684 /* Toppling_TowerTests.swift */,
				70E730951AB3CBE0009F3684 /* Supporting Files */,
			);
			path = "Toppling TowerTests";
			sourceTree = "<group>";
		};
		70E730951AB3CBE0009F3684 /* Supporting Files */ = {
			isa = PBXGroup;
			children = (
				70E730961AB3CBE0009F3684 /* Info.plist */,
			);
			name = "Supporting Files";
			sourceTree = "<group>";
		};
/* End PBXGroup section */

/* Begin PBXNativeTarget section */
		70E730771AB3CBE0009F3684 /* Toppling Tower */ = {
			isa = PBXNativeTarget;
			buildConfigurationList = 70E7309B1AB3CBE0009F3684 /* Build configuration list for PBXNativeTarget "Toppling Tower" */;
			buildPhases = (
				70E730741AB3CBE0009F3684 /* Sources */,
				70E730751AB3CBE0009F3684 /* Frameworks */,
				70E730761AB3CBE0009F3684 /* Resources */,
			);
			buildRules = (
			);
			dependencies = (
			);
			name = "Toppling Tower";
			productName = "Toppling Tower";
			productReference = 70E730781AB3CBE0009F3684 /* Toppling Tower.app */;
			productType = "com.apple.product-type.application";
		};
		70E730901AB3CBE0009F3684 /* Toppling TowerTests */ = {
			isa = PBXNativeTarget;
			buildConfigurationList = 70E7309E1AB3CBE0009F3684 /* Build configuration list for PBXNativeTarget "Toppling TowerTests" */;
			buildPhases = (
				70E7308D1AB3CBE0009F3684 /* Sources */,
				70E7308E1AB3CBE0009F3684 /* Frameworks */,
				70E7308F1AB3CBE0009F3684 /* Resources */,
			);
			buildRules = (
			);
			dependencies = (
				70E730931AB3CBE0009F3684 /* PBXTargetDependency */,
			);
			name = "Toppling TowerTests";
			productName = "Toppling TowerTests";
			productReference = 70E730911AB3CBE0009F3684 /* Toppling TowerTests.xctest */;
			productType = "com.apple.product-type.bundle.unit-test";
		};
/* End PBXNativeTarget section */

/* Begin PBXProject section */
		70E730701AB3CBE0009F3684 /* Project object */ = {
			isa = PBXProject;
			attributes = {
				LastUpgradeCheck = 0620;
				ORGANIZATIONNAME = "Alec Shedelbower";
				TargetAttributes = {
					70E730771AB3CBE0009F3684 = {
						CreatedOnToolsVersion = 6.2;
					};
					70E730901AB3CBE0009F3684 = {
						CreatedOnToolsVersion = 6.2;
						TestTargetID = 70E730771AB3CBE0009F3684;
					};
				};
			};
			buildConfigurationList = 70E730731AB3CBE0009F3684 /* Build configuration list for PBXProject "Toppling Tower" */;
			compatibilityVersion = "Xcode 3.2";
			developmentRegion = English;
			hasScannedForEncodings = 0;
			knownRegions = (
				en,
				Base,
			);
			mainGroup = 70E7306F1AB3CBE0009F3684;
			productRefGroup = 70E730791AB3CBE0009F3684 /* Products */;
			projectDirPath = "";
			projectRoot = "";
			targets = (
				70E730771AB3CBE0009F3684 /* Toppling Tower */,
				70E730901AB3CBE0009F3684 /* Toppling TowerTests */,
			);
		};
/* End PBXProject section */

/* Begin PBXResourcesBuildPhase section */
		70E730761AB3CBE0009F3684 /* Resources */ = {
			isa = PBXResourcesBuildPhase;
			buildActionMask = 2147483647;
			files = (
				7016FB791AC0931100126279 /* Soft_Tap.wav in Resources */,
				70F50A6D1AC205B000FC656F /* BlockFlameEmitter.sks in Resources */,
				7016FB811AC0B8BE00126279 /* PowerUp.wav in Resources */,
				70E7308C1AB3CBE0009F3684 /* LaunchScreen.xib in Resources */,
				70E113B31AC739E400651FA8 /* TitleImage.png in Resources */,
				70F50A731AC2314B00FC656F /* Ambient_Beat.wav in Resources */,
				70E730891AB3CBE0009F3684 /* Images.xcassets in Resources */,
				706E005F1AC3317000920724 /* BlockSparkEmitter.sks in Resources */,
				706E00611AC3333900920724 /* Electricity.wav in Resources */,
				70E730801AB3CBE0009F3684 /* GameScene.sks in Resources */,
				709F70071AC48FB000C5FA15 /* Plus.png in Resources */,
				7016FB7C1AC0995900126279 /* RemovalEmitter.sks in Resources */,
				706E005D1AC3301700920724 /* SparkEmitter.sks in Resources */,
				7016FB7D1AC0995900126279 /* spark.png in Resources */,
				7016FB831AC0B97400126279 /* Shimmer.wav in Resources */,
				706E005B1AC32F0F00920724 /* Burning.wav in Resources */,
				70F50A6A1AC1FE8700FC656F /* FlameEmitter.sks in Resources */,
				70DADECC1ABBADB3002C4E19 /* Level1Scene.sks in Resources */,
				7016FB851AC0C48000126279 /* PowerDown.wav in Resources */,
				70E730A41AB3D0BC009F3684 /* MenuScene.sks in Resources */,
				706E00631AC38BF600920724 /* SKLogo.png in Resources */,
				709F70111AC4D8EF00C5FA15 /* PlusEmitter.sks in Resources */,
				70E730871AB3CBE0009F3684 /* Main.storyboard in Resources */,
				70F50A711AC22F0100FC656F /* Upbeat_Music.wav in Resources */,
				703A7EA31ABDF12500CA37EC /* Bubble_Pop.wav in Resources */,
			);
			runOnlyForDeploymentPostprocessing = 0;
		};
		70E7308F1AB3CBE0009F3684 /* Resources */ = {
			isa = PBXResourcesBuildPhase;
			buildActionMask = 2147483647;
			files = (
			);
			runOnlyForDeploymentPostprocessing = 0;
		};
/* End PBXResourcesBuildPhase section */

/* Begin PBXSourcesBuildPhase section */
		70E730741AB3CBE0009F3684 /* Sources */ = {
			isa = PBXSourcesBuildPhase;
			buildActionMask = 2147483647;
			files = (
				70E730821AB3CBE0009F3684 /* GameScene.swift in Sources */,
				70E730A21AB3CDB1009F3684 /* MenuScene.swift in Sources */,
				70E730841AB3CBE0009F3684 /* GameViewController.swift in Sources */,
				70DADECA1ABBAD79002C4E19 /* Level1Scene.swift in Sources */,
				70E7307E1AB3CBE0009F3684 /* AppDelegate.swift in Sources */,
				70DADEC81ABB8FB9002C4E19 /* Settings.swift in Sources */,
			);
			runOnlyForDeploymentPostprocessing = 0;
		};
		70E7308D1AB3CBE0009F3684 /* Sources */ = {
			isa = PBXSourcesBuildPhase;
			buildActionMask = 2147483647;
			files = (
				70E730981AB3CBE0009F3684 /* Toppling_TowerTests.swift in Sources */,
			);
			runOnlyForDeploymentPostprocessing = 0;
		};
/* End PBXSourcesBuildPhase section */

/* Begin PBXTargetDependency section */
		70E730931AB3CBE0009F3684 /* PBXTargetDependency */ = {
			isa = PBXTargetDependency;
			target = 70E730771AB3CBE0009F3684 /* Toppling Tower */;
			targetProxy = 70E730921AB3CBE0009F3684 /* PBXContainerItemProxy */;
		};
/* End PBXTargetDependency section */

/* Begin PBXVariantGroup section */
		70E730851AB3CBE0009F3684 /* Main.storyboard */ = {
			isa = PBXVariantGroup;
			children = (
				70E730861AB3CBE0009F3684 /* Base */,
			);
			name = Main.storyboard;
			sourceTree = "<group>";
		};
		70E7308A1AB3CBE0009F3684 /* LaunchScreen.xib */ = {
			isa = PBXVariantGroup;
			children = (
				70E7308B1AB3CBE0009F3684 /* Base */,
			);
			name = LaunchScreen.xib;
			sourceTree = "<group>";
		};
/* End PBXVariantGroup section */

/* Begin XCBuildConfiguration section */
		70E730991AB3CBE0009F3684 /* Debug */ = {
			isa = XCBuildConfiguration;
			buildSettings = {
				ALWAYS_SEARCH_USER_PATHS = NO;
				CLANG_CXX_LANGUAGE_STANDARD = "gnu++0x";
				CLANG_CXX_LIBRARY = "libc++";
				CLANG_ENABLE_MODULES = YES;
				CLANG_ENABLE_OBJC_ARC = YES;
				CLANG_WARN_BOOL_CONVERSION = YES;
				CLANG_WARN_CONSTANT_CONVERSION = YES;
				CLANG_WARN_DIRECT_OBJC_ISA_USAGE = YES_ERROR;
				CLANG_WARN_EMPTY_BODY = YES;
				CLANG_WARN_ENUM_CONVERSION = YES;
				CLANG_WARN_INT_CONVERSION = YES;
				CLANG_WARN_OBJC_ROOT_CLASS = YES_ERROR;
				CLANG_WARN_UNREACHABLE_CODE = YES;
				CLANG_WARN__DUPLICATE_METHOD_MATCH = YES;
				"CODE_SIGN_IDENTITY[sdk=iphoneos*]" = "iPhone Developer";
				COPY_PHASE_STRIP = NO;
				ENABLE_STRICT_OBJC_MSGSEND = YES;
				GCC_C_LANGUAGE_STANDARD = gnu99;
				GCC_DYNAMIC_NO_PIC = NO;
				GCC_OPTIMIZATION_LEVEL = 0;
				GCC_PREPROCESSOR_DEFINITIONS = (
					"DEBUG=1",
					"$(inherited)",
				);
				GCC_SYMBOLS_PRIVATE_EXTERN = NO;
				GCC_WARN_64_TO_32_BIT_CONVERSION = YES;
				GCC_WARN_ABOUT_RETURN_TYPE = YES_ERROR;
				GCC_WARN_UNDECLARED_SELECTOR = YES;
				GCC_WARN_UNINITIALIZED_AUTOS = YES_AGGRESSIVE;
				GCC_WARN_UNUSED_FUNCTION = YES;
				GCC_WARN_UNUSED_VARIABLE = YES;
				IPHONEOS_DEPLOYMENT_TARGET = 8.2;
				MTL_ENABLE_DEBUG_INFO = YES;
				ONLY_ACTIVE_ARCH = YES;
				SDKROOT = iphoneos;
				SWIFT_OPTIMIZATION_LEVEL = "-Onone";
			};
			name = Debug;
		};
		70E7309A1AB3CBE0009F3684 /* Release */ = {
			isa = XCBuildConfiguration;
			buildSettings = {
				ALWAYS_SEARCH_USER_PATHS = NO;
				CLANG_CXX_LANGUAGE_STANDARD = "gnu++0x";
				CLANG_CXX_LIBRARY = "libc++";
				CLANG_ENABLE_MODULES = YES;
				CLANG_ENABLE_OBJC_ARC = YES;
				CLANG_WARN_BOOL_CONVERSION = YES;
				CLANG_WARN_CONSTANT_CONVERSION = YES;
				CLANG_WARN_DIRECT_OBJC_ISA_USAGE = YES_ERROR;
				CLANG_WARN_EMPTY_BODY = YES;
				CLANG_WARN_ENUM_CONVERSION = YES;
				CLANG_WARN_INT_CONVERSION = YES;
				CLANG_WARN_OBJC_ROOT_CLASS = YES_ERROR;
				CLANG_WARN_UNREACHABLE_CODE = YES;
				CLANG_WARN__DUPLICATE_METHOD_MATCH = YES;
				"CODE_SIGN_IDENTITY[sdk=iphoneos*]" = "iPhone Developer";
				COPY_PHASE_STRIP = NO;
				ENABLE_NS_ASSERTIONS = NO;
				ENABLE_STRICT_OBJC_MSGSEND = YES;
				GCC_C_LANGUAGE_STANDARD = gnu99;
				GCC_WARN_64_TO_32_BIT_CONVERSION = YES;
				GCC_WARN_ABOUT_RETURN_TYPE = YES_ERROR;
				GCC_WARN_UNDECLARED_SELECTOR = YES;
				GCC_WARN_UNINITIALIZED_AUTOS = YES_AGGRESSIVE;
				GCC_WARN_UNUSED_FUNCTION = YES;
				GCC_WARN_UNUSED_VARIABLE = YES;
				IPHONEOS_DEPLOYMENT_TARGET = 8.2;
				MTL_ENABLE_DEBUG_INFO = NO;
				SDKROOT = iphoneos;
				VALIDATE_PRODUCT = YES;
			};
			name = Release;
		};
		70E7309C1AB3CBE0009F3684 /* Debug */ = {
			isa = XCBuildConfiguration;
			buildSettings = {
				ASSETCATALOG_COMPILER_APPICON_NAME = AppIcon;
				INFOPLIST_FILE = "Toppling Tower/Info.plist";
				LD_RUNPATH_SEARCH_PATHS = "$(inherited) @executable_path/Frameworks";
				PRODUCT_NAME = "$(TARGET_NAME)";
			};
			name = Debug;
		};
		70E7309D1AB3CBE0009F3684 /* Release */ = {
			isa = XCBuildConfiguration;
			buildSettings = {
				ASSETCATALOG_COMPILER_APPICON_NAME = AppIcon;
				INFOPLIST_FILE = "Toppling Tower/Info.plist";
				LD_RUNPATH_SEARCH_PATHS = "$(inherited) @executable_path/Frameworks";
				PRODUCT_NAME = "$(TARGET_NAME)";
			};
			name = Release;
		};
		70E7309F1AB3CBE0009F3684 /* Debug */ = {
			isa = XCBuildConfiguration;
			buildSettings = {
				BUNDLE_LOADER = "$(TEST_HOST)";
				FRAMEWORK_SEARCH_PATHS = (
					"$(SDKROOT)/Developer/Library/Frameworks",
					"$(inherited)",
				);
				GCC_PREPROCESSOR_DEFINITIONS = (
					"DEBUG=1",
					"$(inherited)",
				);
				INFOPLIST_FILE = "Toppling TowerTests/Info.plist";
				LD_RUNPATH_SEARCH_PATHS = "$(inherited) @executable_path/Frameworks @loader_path/Frameworks";
				PRODUCT_NAME = "$(TARGET_NAME)";
				TEST_HOST = "$(BUILT_PRODUCTS_DIR)/Toppling Tower.app/Toppling Tower";
			};
			name = Debug;
		};
		70E730A01AB3CBE0009F3684 /* Release */ = {
			isa = XCBuildConfiguration;
			buildSettings = {
				BUNDLE_LOADER = "$(TEST_HOST)";
				FRAMEWORK_SEARCH_PATHS = (
					"$(SDKROOT)/Developer/Library/Frameworks",
					"$(inherited)",
				);
				INFOPLIST_FILE = "Toppling TowerTests/Info.plist";
				LD_RUNPATH_SEARCH_PATHS = "$(inherited) @executable_path/Frameworks @loader_path/Frameworks";
				PRODUCT_NAME = "$(TARGET_NAME)";
				TEST_HOST = "$(BUILT_PRODUCTS_DIR)/Toppling Tower.app/Toppling Tower";
			};
			name = Release;
		};
/* End XCBuildConfiguration section */

/* Begin XCConfigurationList section */
		70E730731AB3CBE0009F3684 /* Build configuration list for PBXProject "Toppling Tower" */ = {
			isa = XCConfigurationList;
			buildConfigurations = (
				70E730991AB3CBE0009F3684 /* Debug */,
				70E7309A1AB3CBE0009F3684 /* Release */,
			);
			defaultConfigurationIsVisible = 0;
			defaultConfigurationName = Release;
		};
		70E7309B1AB3CBE0009F3684 /* Build configuration list for PBXNativeTarget "Toppling Tower" */ = {
			isa = XCConfigurationList;
			buildConfigurations = (
				70E7309C1AB3CBE0009F3684 /* Debug */,
				70E7309D1AB3CBE0009F3684 /* Release */,
			);
			defaultConfigurationIsVisible = 0;
			defaultConfigurationName = Release;
		};
		70E7309E1AB3CBE0009F3684 /* Build configuration list for PBXNativeTarget "Toppling TowerTests" */ = {
			isa = XCConfigurationList;
			buildConfigurations = (
				70E7309F1AB3CBE0009F3684 /* Debug */,
				70E730A01AB3CBE0009F3684 /* Release */,
			);
			defaultConfigurationIsVisible = 0;
			defaultConfigurationName = Release;
		};
/* End XCConfigurationList section */
	};
	rootObject = 70E730701AB3CBE0009F3684 /* Project object */;
}
